# Generated by pub
# See https://dart.dev/tools/pub/glossary#lockfile
packages:
  _macros:
    dependency: transitive
    description: dart
    source: sdk
    version: "0.3.2"
  json:
    dependency: "direct main"
    description:
      name: json
      sha256: "40a98ec3715f40f3723c20ee68dce3640f32d24d278262de4eddae885c060180"
      url: "https://pub.flutter-io.cn"
    source: hosted
    version: "0.20.2"
  macros:
    dependency: transitive
    description:
      name: macros
      sha256: "0acaed5d6b7eab89f63350bccd82119e6c602df0f391260d0e32b5e23db79536"
      url: "https://pub.flutter-io.cn"
    source: hosted
    version: "0.1.2-main.4"
sdks:
  dart: ">=3.5.0-154 <4.0.0"
